
Microsoft Visual Studio Solution File, Format Version 12.00
# Visual Studio Version 17
VisualStudioVersion = 17.4.33213.308
MinimumVisualStudioVersion = 10.0.40219.1
Project("{FAE04EC0-301F-11D3-BF4B-00C04F79EFBC}") = "CreatingNumericTextBoxSample", "CreatingNumericTextBoxSample.csproj", "{F8C86C26-EF99-401E-AE4A-7C1A80343DC4}"
EndProject
Global
	GlobalSection(SolutionConfigurationPlatforms) = preSolution
		Debug|Any CPU = Debug|Any CPU
		Release|Any CPU = Release|Any CPU
	EndGlobalSection
	GlobalSection(ProjectConfigurationPlatforms) = postSolution
		{F8C86C26-EF99-401E-AE4A-7C1A80343DC4}.Debug|Any CPU.ActiveCfg = Debug|Any CPU
		{F8C86C26-EF99-401E-AE4A-7C1A80343DC4}.Debug|Any CPU.Build.0 = Debug|Any CPU
		{F8C86C26-EF99-401E-AE4A-7C1A80343DC4}.Release|Any CPU.ActiveCfg = Release|Any CPU
		{F8C86C26-EF99-401E-AE4A-7C1A80343DC4}.Release|Any CPU.Build.0 = Release|Any CPU
	EndGlobalSection
	GlobalSection(SolutionProperties) = preSolution
		HideSolutionNode = FALSE
	EndGlobalSection
	GlobalSection(ExtensibilityGlobals) = postSolution
		SolutionGuid = {E2EC0B09-2AF9-45D3-8C7B-3CD0BC6EFD6B}
	EndGlobalSection
EndGlobal
